
Microsoft Visual Studio Solution File, Format Version 12.00
# Visual Studio Version 17
VisualStudioVersion = 17.7.34024.191
MinimumVisualStudioVersion = 10.0.40219.1
Project("{FAE04EC0-301F-11D3-BF4B-00C04F79EFBC}") = "Fordelingshatten", "Fordelingshatten\Fordelingshatten.csproj", "{844E7AA1-6A18-4990-9321-151541457BDF}"
EndProject
Global
	GlobalSection(SolutionConfigurationPlatforms) = preSolution
		Debug|Any CPU = Debug|Any CPU
		Release|Any CPU = Release|Any CPU
	EndGlobalSection
	GlobalSection(ProjectConfigurationPlatforms) = postSolution
		{844E7AA1-6A18-4990-9321-151541457BDF}.Debug|Any CPU.ActiveCfg = Debug|Any CPU
		{844E7AA1-6A18-4990-9321-151541457BDF}.Debug|Any CPU.Build.0 = Debug|Any CPU
		{844E7AA1-6A18-4990-9321-151541457BDF}.Release|Any CPU.ActiveCfg = Release|Any CPU
		{844E7AA1-6A18-4990-9321-151541457BDF}.Release|Any CPU.Build.0 = Release|Any CPU
	EndGlobalSection
	GlobalSection(SolutionProperties) = preSolution
		HideSolutionNode = FALSE
	EndGlobalSection
	GlobalSection(ExtensibilityGlobals) = postSolution
		SolutionGuid = {6D0882F9-4D8C-46D6-8E81-EC06A2269625}
	EndGlobalSection
EndGlobal
